
Microsoft Visual Studio Solution File, Format Version 12.00
Project("{2150E333-8FDC-42A3-9474-1A3956D46DE8}") = "src", "src", "{05DBCE50-6CDA-43A7-B8A1-A2E184F7544D}"
EndProject
Project("{2150E333-8FDC-42A3-9474-1A3956D46DE8}") = "test", "test", "{E39AD679-F25A-4AD0-8FD7-0CBD3C77872E}"
EndProject
Project("{FAE04EC0-301F-11D3-BF4B-00C04F79EFBC}") = "DummyLang.LexicalAnalysis", "src\DummyLang.LexicalAnalysis\DummyLang.LexicalAnalysis.csproj", "{4D353AE4-E111-474C-9AC6-FF40085BF54D}"
EndProject
Project("{FAE04EC0-301F-11D3-BF4B-00C04F79EFBC}") = "DummyLang.LexicalAnalysis.Tests", "test\DummyLang.LexicalAnalysis.Tests\DummyLang.LexicalAnalysis.Tests.csproj", "{A2FAE7F3-1266-4E47-8088-5B4798B21C4E}"
EndProject
Project("{FAE04EC0-301F-11D3-BF4B-00C04F79EFBC}") = "DummyLang.SyntacticAnalysis", "src\DummyLang.SyntacticAnalysis\DummyLang.SyntacticAnalysis.csproj", "{0B2A19F0-6C89-49BF-96FA-612CDD4F9E07}"
EndProject
Project("{FAE04EC0-301F-11D3-BF4B-00C04F79EFBC}") = "DummyLang.Core", "src\DummyLang.Core\DummyLang.Core.csproj", "{1EBC9E98-B5E7-4E7D-AED6-BA62B32A36D0}"
EndProject
Project("{FAE04EC0-301F-11D3-BF4B-00C04F79EFBC}") = "DummyLang.SyntacticAnalysis.Tests", "test\DummyLang.SyntacticAnalysis.Tests\DummyLang.SyntacticAnalysis.Tests.csproj", "{8DC890F6-94FE-42E1-8F37-0034278FD532}"
EndProject
Global
	GlobalSection(SolutionConfigurationPlatforms) = preSolution
		Debug|Any CPU = Debug|Any CPU
		Release|Any CPU = Release|Any CPU
	EndGlobalSection
	GlobalSection(NestedProjects) = preSolution
		{4D353AE4-E111-474C-9AC6-FF40085BF54D} = {05DBCE50-6CDA-43A7-B8A1-A2E184F7544D}
		{A2FAE7F3-1266-4E47-8088-5B4798B21C4E} = {E39AD679-F25A-4AD0-8FD7-0CBD3C77872E}
		{0B2A19F0-6C89-49BF-96FA-612CDD4F9E07} = {05DBCE50-6CDA-43A7-B8A1-A2E184F7544D}
		{1EBC9E98-B5E7-4E7D-AED6-BA62B32A36D0} = {05DBCE50-6CDA-43A7-B8A1-A2E184F7544D}
		{8DC890F6-94FE-42E1-8F37-0034278FD532} = {E39AD679-F25A-4AD0-8FD7-0CBD3C77872E}
	EndGlobalSection
	GlobalSection(ProjectConfigurationPlatforms) = postSolution
		{4D353AE4-E111-474C-9AC6-FF40085BF54D}.Debug|Any CPU.ActiveCfg = Debug|Any CPU
		{4D353AE4-E111-474C-9AC6-FF40085BF54D}.Debug|Any CPU.Build.0 = Debug|Any CPU
		{4D353AE4-E111-474C-9AC6-FF40085BF54D}.Release|Any CPU.ActiveCfg = Release|Any CPU
		{4D353AE4-E111-474C-9AC6-FF40085BF54D}.Release|Any CPU.Build.0 = Release|Any CPU
		{A2FAE7F3-1266-4E47-8088-5B4798B21C4E}.Debug|Any CPU.ActiveCfg = Debug|Any CPU
		{A2FAE7F3-1266-4E47-8088-5B4798B21C4E}.Debug|Any CPU.Build.0 = Debug|Any CPU
		{A2FAE7F3-1266-4E47-8088-5B4798B21C4E}.Release|Any CPU.ActiveCfg = Release|Any CPU
		{A2FAE7F3-1266-4E47-8088-5B4798B21C4E}.Release|Any CPU.Build.0 = Release|Any CPU
		{0B2A19F0-6C89-49BF-96FA-612CDD4F9E07}.Debug|Any CPU.ActiveCfg = Debug|Any CPU
		{0B2A19F0-6C89-49BF-96FA-612CDD4F9E07}.Debug|Any CPU.Build.0 = Debug|Any CPU
		{0B2A19F0-6C89-49BF-96FA-612CDD4F9E07}.Release|Any CPU.ActiveCfg = Release|Any CPU
		{0B2A19F0-6C89-49BF-96FA-612CDD4F9E07}.Release|Any CPU.Build.0 = Release|Any CPU
		{1EBC9E98-B5E7-4E7D-AED6-BA62B32A36D0}.Debug|Any CPU.ActiveCfg = Debug|Any CPU
		{1EBC9E98-B5E7-4E7D-AED6-BA62B32A36D0}.Debug|Any CPU.Build.0 = Debug|Any CPU
		{1EBC9E98-B5E7-4E7D-AED6-BA62B32A36D0}.Release|Any CPU.ActiveCfg = Release|Any CPU
		{1EBC9E98-B5E7-4E7D-AED6-BA62B32A36D0}.Release|Any CPU.Build.0 = Release|Any CPU
		{8DC890F6-94FE-42E1-8F37-0034278FD532}.Debug|Any CPU.ActiveCfg = Debug|Any CPU
		{8DC890F6-94FE-42E1-8F37-0034278FD532}.Debug|Any CPU.Build.0 = Debug|Any CPU
		{8DC890F6-94FE-42E1-8F37-0034278FD532}.Release|Any CPU.ActiveCfg = Release|Any CPU
		{8DC890F6-94FE-42E1-8F37-0034278FD532}.Release|Any CPU.Build.0 = Release|Any CPU
	EndGlobalSection
EndGlobal
